github.com/davecgh/go-spew v1.1.0 h1:ZDRjVQ15GmhC3fiQ8ni8+OwkZQO4DARzQgrnXU1Liz8=
github.com/davecgh/go-spew v1.1.0/go.mod h1:J7Y8YcW2NihsgmVo/mv3lAwl/skON4iLHjSsI+c5H38=
github.com/gin-gonic/gin v0.0.0-20150626140855-4cc2de6207f4 h1:ufr+93X0/9xTNvObfvbHsEkgCk8BrhmUH83Z8YIhzXE=
github.com/gin-gonic/gin v0.0.0-20150626140855-4cc2de6207f4/go.mod h1:7cKuhb5qV2ggCFctp2fJQ+ErvciLZrIeoOSOm6mUr7Y=
github.com/go-resty/resty/v2 v2.2.0 h1:vgZ1cdblp8Aw4jZj3ZsKh6yKAlMg3CHMrqFSFFd+jgY=
github.com/go-resty/resty/v2 v2.2.0/go.mod h1:nYW/8rxqQCmI3bPz9Fsmjbr2FBjGuR2Mzt6kDh3zZ7w=
github.com/heroku/x v0.0.0-20171004170240-705849e307dd h1:zn29UrzyUeQgqxBGXIwQqQJf75IiK4aeCtO5q1V2Vyo=
github.com/heroku/x v0.0.0-20171004170240-705849e307dd/go.mod h1:opmAyjmIGn9/Y+9Nia6eIaktIXIoMhhFXEFbHLMsX3Y=
github.com/lib/pq v1.3.0 h1:/qkRGz8zljWiDcFvgpwUpwIAPu3r07TDvs3Rws+o/pU=
github.com/lib/pq v1.3.0/go.mod h1:5WUZQaWbwv1U+lTReE5YruASi9Al49XbQIvNi/34Woo=
github.com/manucorporat/sse v0.0.0-20150604091100-c142f0f1baea h1:3she1OMibtVtGiZSF65Cfi5ijRb+pAKXmstffNs5i+4=
github.com/manucorporat/sse v0.0.0-20150604091100-c142f0f1baea/go.mod h1:zUx1mhth20V3VKgL5jbd1BSQcW4Fy6Qs4PZvQwRFwzM=
github.com/mattn/go-colorable v0.0.0-20150625154642-40e4aedc8fab h1:3lgod/2wdM8WaJNBe16LkFmrz2XkXbH2YhbRWh38W9U=
github.com/mattn/go-colorable v0.0.0-20150625154642-40e4aedc8fab/go.mod h1:9vuHe8Xs5qXnSaW/c/ABM9alt+Vo+STaOChaDxuIBZU=
github.com/mattn/go-isatty v0.0.0-20150814002629-7fcbc72f853b h1:KOTLb2pwNaE8UOCVz1AgsFYzcswaNroRkBDIhblvUFk=
github.com/mattn/go-isatty v0.0.0-20150814002629-7fcbc72f853b/go.mod h1:M+lRXTBqGeGNdLjl/ufCoiOlB5xdOkqRJdNxMWT7Zi4=
github.com/pennz/amqp v0.1.0 h1:gTRxAe4rMSZptDEi+8Ks69prjV4tVTnkTy5ZShVV8hk=
github.com/pennz/amqp v0.1.0/go.mod h1:nmuJSVhlctRZfSAm06/vcjiJBNfYZ/PrIzMH+zS+Yck=
github.com/pmezard/go-difflib v1.0.0 h1:4DBwDE0NGyQoBHbLQYPwSUPoCMWR5BEzIk/f1lZbAQM=
github.com/pmezard/go-difflib v1.0.0/go.mod h1:iKH77koFhYxTK1pcRnkKkqfTogsbg7gZNVY4sRDYZ/4=
github.com/streadway/amqp v0.0.0-20200108173154-1c71cc93ed71 h1:2MR0pKUzlP3SGgj5NYJe/zRYDwOu9ku6YHy+Iw7l5DM=
github.com/streadway/amqp v0.0.0-20200108173154-1c71cc93ed71/go.mod h1:AZpEONHx3DKn8O/DFsRAY58/XVQiIPMTMB1SddzLXVw=
github.com/stretchr/objx v0.1.0 h1:4G4v2dO3VZwixGIRoQ5Lfboy6nUhCyYzaqnIAPPhYs4=
github.com/stretchr/objx v0.1.0/go.mod h1:HFkY916IF+rwdDfMAkV7OtwuqBVzrE8GR6GFx+wExME=
github.com/stretchr/testify v1.3.0 h1:TivCn/peBQ7UY8ooIcPgZFpTNSz0Q2U6UrFlUfqbe0Q=
github.com/stretchr/testify v1.3.0/go.mod h1:M5WIy9Dh21IEIfnGCwXGc5bZfKNJtfHm1UVUgZn+9EI=
github.com/ugorji/go v1.2.6 h1:tGiWC9HENWE2tqYycIqFTNorMmFRVhNwCpDOpWqnk8E=
github.com/ugorji/go v1.2.6/go.mod h1:anCg0y61KIhDlPZmnH+so+RQbysYVyDko0IMgJv0Nn0=
github.com/ugorji/go/codec v1.2.6 h1:7kbGefxLoDBuYXOms4yD7223OpNMMPNPZxXk5TvFcyQ=
github.com/ugorji/go/codec v1.2.6/go.mod h1:V6TCNZ4PHqoHGFZuSG1W8nrCzzdgA2DozYxWFFpvxTw=
golang.org/x/crypto v0.0.0-20190308221718-c2843e01d9a2 h1:VklqNMn3ovrHsnt90PveolxSbWFaJdECFbxSq0Mqo2M=
golang.org/x/crypto v0.0.0-20190308221718-c2843e01d9a2/go.mod h1:djNgcEr1/C05ACkg1iLfiJU5Ep61QUkGW8qpdssI0+w=
golang.org/x/net v0.0.0-20200222125558-5a598a2470a0/go.mod h1:z5CRVTTTmAJ677TzLLGU+0bjPO0LkuOLi4/5GtJWs/s=
golang.org/x/net v0.0.0-20211101193420-4a448f8816b3 h1:VrJZAjbekhoRn7n5FBujY31gboH+iB3pdLxn3gE9FjU=
golang.org/x/net v0.0.0-20211101193420-4a448f8816b3/go.mod h1:9nx3DQGgdP8bBQD5qxJ1jj9UTztislL4KSBs9R2vV5Y=
golang.org/x/sys v0.0.0-20190215142949-d0b11bdaac8a/go.mod h1:STP8DvDyc/dI5b8T5hshtkjS+E42TnysNCUPdjciGhY=
golang.org/x/sys v0.0.0-20201119102817-f84b799fce68/go.mod h1:h1NjWce9XRLGQEsW7wpKNCjG9DtNlClVuFLEZdDNbEs=
golang.org/x/sys v0.0.0-20210423082822-04245dca01da h1:b3NXsE2LusjYGGjL5bxEVZZORm/YEFFrWFjR8eFrw/c=
golang.org/x/sys v0.0.0-20210423082822-04245dca01da/go.mod h1:h1NjWce9XRLGQEsW7wpKNCjG9DtNlClVuFLEZdDNbEs=
golang.org/x/term v0.0.0-20201126162022-7de9c90e9dd1 h1:v+OssWQX+hTHEmOBgwxdZxK4zHq3yOs8F9J7mk0PY8E=
golang.org/x/term v0.0.0-20201126162022-7de9c90e9dd1/go.mod h1:bj7SfCRtBDWHUb9snDiAeCFNEtKQo2Wmx5Cou7ajbmo=
golang.org/x/text v0.3.0/go.mod h1:NqM8EUOU14njkJ3fqMW+pc6Ldnwhi/IjpwHt7yyuwOQ=
golang.org/x/text v0.3.6 h1:aRYxNxv6iGQlyVaZmk6ZgYEDa+Jg18DxebPSrd6bg1M=
golang.org/x/text v0.3.6/go.mod h1:5Zoc/QRtKVWzQhOtBMvqHzDpF6irO9z98xDceosuGiQ=
golang.org/x/tools v0.0.0-20180917221912-90fa682c2a6e h1:FDhOuMEY4JVRztM/gsbk+IKUQ8kj74bxZrgw87eMMVc=
golang.org/x/tools v0.0.0-20180917221912-90fa682c2a6e/go.mod h1:n7NCudcB/nEzxVGmLbDWY5pfWTLqBcC2KZ6jyYvM4mQ=
gopkg.in/bluesuncorp/validator.v5 v5.9.1 h1:XEU2HtMj0Rki3kmHh+uilvENyWgDEaR5LDLtYsjiumM=
gopkg.in/bluesuncorp/validator.v5 v5.9.1/go.mod h1:ScQmud/GM3iSR85jRE+8BI8E8oFv5oj4qyd5Xaw7hgE=
